github.com/golang-jwt/jwt/v5 v5.2.2 h1:Rl4B7itRWVtYIHFrSNd7vhTiz9UpLdi6gZhZ3wEeDy8=
github.com/golang-jwt/jwt/v5 v5.2.2/go.mod h1:pqrtFR0X4osieyHYxtmOUWsAWrfe1Q5UVIyoH402zdk=
github.com/google/uuid v1.6.0 h1:NIvaJDMOsjHA8n1jAhLSgzrAzy1Hgr+hNrb57e+94F0=
github.com/google/uuid v1.6.0/go.mod h1:TIyPZe4MgqvfeYDBFedMoGGpEw/LqOeaOT+nhxU+yHo=
github.com/joho/godotenv v1.5.1 h1:7eLL/+HRGLY0ldzfGMeQkb7vMd0as4CfYvUVzLqw0N0=
github.com/joho/godotenv v1.5.1/go.mod h1:f4LDr5Voq0i2e/R5DDNOoa2zzDfwtkZa6DnEwAbqwq4=
github.com/skrolikov/vira-config v0.1.5 h1:rh+U6onFn7DvQOoOL/NdLTpVcI3oIPB0YeDuE3dFnoc=
github.com/skrolikov/vira-config v0.1.5/go.mod h1:8ScV1knNzjvAdcNdJ9Gibv2OlJwn2kXkO8T5MEuzmCU=
github.com/skrolikov/vira-jwt v0.1.2 h1:/UXFHPtIMzUXWLwgWLe5PMBmOMun98GxZjO2K79QpKA=
github.com/skrolikov/vira-jwt v0.1.2/go.mod h1:n73+ITt1L4Kz6oBY4FXSyn0mthspcq5s+ChRUTL9048=
github.com/skrolikov/vira-logger v1.0.1 h1:A8p9/oY7sK3bqs706uBHWwitt+j/7S5jjE4P3RQn1Ew=
github.com/skrolikov/vira-logger v1.0.1/go.mod h1:ZnoBs9yPPb9J9bui4hVO0DOCcmxvY2Hb36K8ZuF2CPE=
gopkg.in/natefinch/lumberjack.v2 v2.2.1 h1:bBRl1b0OH9s/DuPhuXpNl+VtCaJXFZ5/uEFST95x9zc=
gopkg.in/natefinch/lumberjack.v2 v2.2.1/go.mod h1:YD8tP3GAjkrDg1eZH7EGmyESg/lsYskCTPBJVb9jqSc=
